{
    "_meta": {
        "hash": {
            "sha256": "368a3a218584955797d6b1d8db53bcf80f6fa378fc2184c56b465f9891af22b1"
        },
        "pipfile-spec": 6,
        "requires": {
            "python_version": "3.8"
        },
        "sources": [
            {
                "name": "pypi",
                "url": "https://pypi.org/simple",
                "verify_ssl": true
            }
        ]
    },
    "default": {
        "amqp": {
            "hashes": [
                "sha256:827cb12fb0baa892aad844fd95258143bce4027fdac4fccddbc43330fd281637",
                "sha256:a1ecff425ad063ad42a486c902807d1482311481c8ad95a72694b2975e75f7fd"
            ],
            "markers": "python_version >= '3.6'",
            "version": "==5.2.0"
        },
        "asgiref": {
            "hashes": [
                "sha256:3e1e3ecc849832fe52ccf2cb6686b7a55f82bb1d6aee72a58826471390335e47",
                "sha256:c343bd80a0bec947a9860adb4c432ffa7db769836c64238fc34bdc3fec84d590"
            ],
            "markers": "python_version >= '3.8'",
            "version": "==3.8.1"
        },
        "async-timeout": {
            "hashes": [
                "sha256:4640d96be84d82d02ed59ea2b7105a0f7b33abe8703703cd0ab0bf87c427522f",
                "sha256:7405140ff1230c310e51dc27b3145b9092d659ce68ff733fb0cefe3ee42be028"
            ],
            "markers": "python_full_version <= '3.11.2'",
            "version": "==4.0.3"
        },
        "backports.zoneinfo": {
            "extras": [
                "tzdata"
            ],
            "hashes": [
                "sha256:17746bd546106fa389c51dbea67c8b7c8f0d14b5526a579ca6ccf5ed72c526cf",
                "sha256:1b13e654a55cd45672cb54ed12148cd33628f672548f373963b0bff67b217328",
                "sha256:1c5742112073a563c81f786e77514969acb58649bcdf6cdf0b4ed31a348d4546",
                "sha256:4a0f800587060bf8880f954dbef70de6c11bbe59c673c3d818921f042f9954a6",
                "sha256:5c144945a7752ca544b4b78c8c41544cdfaf9786f25fe5ffb10e838e19a27570",
                "sha256:7b0a64cda4145548fed9efc10322770f929b944ce5cee6c0dfe0c87bf4c0c8c9",
                "sha256:8439c030a11780786a2002261569bdf362264f605dfa4d65090b64b05c9f79a7",
                "sha256:8961c0f32cd0336fb8e8ead11a1f8cd99ec07145ec2931122faaac1c8f7fd987",
                "sha256:89a48c0d158a3cc3f654da4c2de1ceba85263fafb861b98b59040a5086259722",
                "sha256:a76b38c52400b762e48131494ba26be363491ac4f9a04c1b7e92483d169f6582",
                "sha256:da6013fd84a690242c310d77ddb8441a559e9cb3d3d59ebac9aca1a57b2e18bc",
                "sha256:e55b384612d93be96506932a786bbcde5a2db7a9e6a4bb4bffe8b733f5b9036b",
                "sha256:e81b76cace8eda1fca50e345242ba977f9be6ae3945af8d46326d776b4cf78d1",
                "sha256:e8236383a20872c0cdf5a62b554b27538db7fa1bbec52429d8d106effbaeca08",
                "sha256:f04e857b59d9d1ccc39ce2da1021d196e47234873820cbeaad210724b1ee28ac",
                "sha256:fadbfe37f74051d024037f223b8e001611eac868b5c5b06144ef4d8b799862f2"
            ],
            "markers": "python_version < '3.9'",
            "version": "==0.2.1"
        },
        "billiard": {
            "hashes": [
                "sha256:12b641b0c539073fc8d3f5b8b7be998956665c4233c7c1fcd66a7e677c4fb36f",
                "sha256:40b59a4ac8806ba2c2369ea98d876bc6108b051c227baffd928c644d15d8f3cb"
            ],
            "markers": "python_version >= '3.7'",
            "version": "==4.2.1"
        },
        "celery": {
            "hashes": [
                "sha256:27f8f3f3b58de6e0ab4f174791383bbd7445aff0471a43e99cfd77727940753f",
                "sha256:f84d1c21a1520c116c2b7d26593926581191435a03aa74b77c941b93ca1c6210"
            ],
            "index": "pypi",
            "markers": "python_version >= '3.8'",
            "version": "==5.3.1"
        },
        "channels": {
            "hashes": [
                "sha256:0ce53507a7da7b148eaa454526e0e05f7da5e5d1c23440e4886cf146981d8420",
                "sha256:2253334ac76f67cba68c2072273f7e0e67dbdac77eeb7e318f511d2f9a53c5e4"
            ],
            "index": "pypi",
            "markers": "python_version >= '3.7'",
            "version": "==4.0.0"
        },
        "click": {
            "hashes": [
                "sha256:ae74fb96c20a0277a1d615f1e4d73c8414f5a98db8b799a7931d1582f3390c28",
                "sha256:ca9853ad459e787e2192211578cc907e7594e294c7ccc834310722b41b9ca6de"
            ],
            "markers": "python_version >= '3.7'",
            "version": "==8.1.7"
        },
        "click-didyoumean": {
            "hashes": [
                "sha256:4f82fdff0dbe64ef8ab2279bd6aa3f6a99c3b28c05aa09cbfc07c9d7fbb5a463",
                "sha256:5c4bb6007cfea5f2fd6583a2fb6701a22a41eb98957e63d0fac41c10e7c3117c"
            ],
            "markers": "python_full_version >= '3.6.2'",
            "version": "==0.3.1"
        },
        "click-plugins": {
            "hashes": [
                "sha256:46ab999744a9d831159c3411bb0c79346d94a444df9a3a3742e9ed63645f264b",
                "sha256:5d262006d3222f5057fd81e1623d4443e41dcda5dc815c06b442aa3c02889fc8"
            ],
            "version": "==1.1.1"
        },
        "click-repl": {
            "hashes": [
                "sha256:17849c23dba3d667247dc4defe1757fff98694e90fe37474f3feebb69ced26a9",
                "sha256:fb7e06deb8da8de86180a33a9da97ac316751c094c6899382da7feeeeb51b812"
            ],
            "markers": "python_version >= '3.6'",
            "version": "==0.3.0"
        },
        "django": {
            "hashes": [
                "sha256:7e4225ec065e0f354ccf7349a22d209de09cc1c074832be9eb84c51c1799c432",
                "sha256:860ae6a138a238fc4f22c99b52f3ead982bb4b1aad8c0122bcd8c8a3a02e409d"
            ],
            "index": "pypi",
            "markers": "python_version >= '3.8'",
            "version": "==4.2.4"
        },
        "django-cors-headers": {
            "hashes": [
                "sha256:9ada212b0e2efd4a5e339360ffc869cb21ac5605e810afe69f7308e577ea5bde",
                "sha256:f9749c6410fe738278bc2b6ef17f05195bc7b251693c035752d8257026af024f"
            ],
            "index": "pypi",
            "markers": "python_version >= '3.8'",
            "version": "==4.2.0"
        },
        "django-filter": {
            "hashes": [
                "sha256:2fe15f78108475eda525692813205fa6f9e8c1caf1ae65daa5862d403c6dbf00",
                "sha256:d12d8e0fc6d3eb26641e553e5d53b191eb8cec611427d4bdce0becb1f7c172b5"
            ],
            "index": "pypi",
            "markers": "python_version >= '3.7'",
            "version": "==23.2"
        },
        "django-treebeard": {
            "hashes": [
                "sha256:787117995ff985d98e6c2b241ef6b9d37fe8ff7051cd7535c283616a0b5b2645",
                "sha256:c751a3f924158c288fea89afc25a7151979faf01bf11fdc7be3b858099dfa56d"
            ],
            "index": "pypi",
            "markers": "python_version >= '3.8'",
            "version": "==4.7"
        },
        "djangorestframework": {
            "hashes": [
                "sha256:579a333e6256b09489cbe0a067e66abe55c6595d8926be6b99423786334350c8",
                "sha256:eb63f58c9f218e1a7d064d17a70751f528ed4e1d35547fdade9aaf4cd103fd08"
            ],
            "index": "pypi",
            "markers": "python_version >= '3.6'",
            "version": "==3.14.0"
        },
        "kombu": {
            "hashes": [
                "sha256:14212f5ccf022fc0a70453bb025a1dcc32782a588c49ea866884047d66e14763",
                "sha256:eef572dd2fd9fc614b37580e3caeafdd5af46c1eff31e7fba89138cdb406f2cf"
            ],
            "markers": "python_version >= '3.8'",
            "version": "==5.4.2"
        },
        "pillow": {
            "hashes": [
                "sha256:00e65f5e822decd501e374b0650146063fbb30a7264b4d2744bdd7b913e0cab5",
                "sha256:040586f7d37b34547153fa383f7f9aed68b738992380ac911447bb78f2abe530",
                "sha256:0b6eb5502f45a60a3f411c63187db83a3d3107887ad0d036c13ce836f8a36f1d",
                "sha256:1ce91b6ec08d866b14413d3f0bbdea7e24dfdc8e59f562bb77bc3fe60b6144ca",
                "sha256:1f62406a884ae75fb2f818694469519fb685cc7eaff05d3451a9ebe55c646891",
                "sha256:22c10cc517668d44b211717fd9775799ccec4124b9a7f7b3635fc5386e584992",
                "sha256:3400aae60685b06bb96f99a21e1ada7bc7a413d5f49bce739828ecd9391bb8f7",
                "sha256:349930d6e9c685c089284b013478d6f76e3a534e36ddfa912cde493f235372f3",
                "sha256:368ab3dfb5f49e312231b6f27b8820c823652b7cd29cfbd34090565a015e99ba",
                "sha256:38250a349b6b390ee6047a62c086d3817ac69022c127f8a5dc058c31ccef17f3",
                "sha256:3a684105f7c32488f7153905a4e3015a3b6c7182e106fe3c37fbb5ef3e6994c3",
                "sha256:3a82c40d706d9aa9734289740ce26460a11aeec2d9c79b7af87bb35f0073c12f",
                "sha256:3b08d4cc24f471b2c8ca24ec060abf4bebc6b144cb89cba638c720546b1cf538",
                "sha256:3ed64f9ca2f0a95411e88a4efbd7a29e5ce2cea36072c53dd9d26d9c76f753b3",
                "sha256:3f07ea8d2f827d7d2a49ecf1639ec02d75ffd1b88dcc5b3a61bbb37a8759ad8d",
                "sha256:520f2a520dc040512699f20fa1c363eed506e94248d71f85412b625026f6142c",
                "sha256:5c6e3df6bdd396749bafd45314871b3d0af81ff935b2d188385e970052091017",
                "sha256:608bfdee0d57cf297d32bcbb3c728dc1da0907519d1784962c5f0c68bb93e5a3",
                "sha256:685ac03cc4ed5ebc15ad5c23bc555d68a87777586d970c2c3e216619a5476223",
                "sha256:76de421f9c326da8f43d690110f0e79fe3ad1e54be811545d7d91898b4c8493e",
                "sha256:76edb0a1fa2b4745fb0c99fb9fb98f8b180a1bbceb8be49b087e0b21867e77d3",
                "sha256:7be600823e4c8631b74e4a0d38384c73f680e6105a7d3c6824fcf226c178c7e6",
                "sha256:81ff539a12457809666fef6624684c008e00ff6bf455b4b89fd00a140eecd640",
                "sha256:88af2003543cc40c80f6fca01411892ec52b11021b3dc22ec3bc9d5afd1c5334",
                "sha256:8c11160913e3dd06c8ffdb5f233a4f254cb449f4dfc0f8f4549eda9e542c93d1",
                "sha256:8f8182b523b2289f7c415f589118228d30ac8c355baa2f3194ced084dac2dbba",
                "sha256:9211e7ad69d7c9401cfc0e23d49b69ca65ddd898976d660a2fa5904e3d7a9baa",
                "sha256:92be919bbc9f7d09f7ae343c38f5bb21c973d2576c1d45600fce4b74bafa7ac0",
                "sha256:9c82b5b3e043c7af0d95792d0d20ccf68f61a1fec6b3530e718b688422727396",
                "sha256:9f7c16705f44e0504a3a2a14197c1f0b32a95731d251777dcb060aa83022cb2d",
                "sha256:9fb218c8a12e51d7ead2a7c9e101a04982237d4855716af2e9499306728fb485",
                "sha256:a74ba0c356aaa3bb8e3eb79606a87669e7ec6444be352870623025d75a14a2bf",
                "sha256:b4f69b3700201b80bb82c3a97d5e9254084f6dd5fb5b16fc1a7b974260f89f43",
                "sha256:bc2ec7c7b5d66b8ec9ce9f720dbb5fa4bace0f545acd34870eff4a369b44bf37",
                "sha256:c189af0545965fa8d3b9613cfdb0cd37f9d71349e0f7750e1fd704648d475ed2",
                "sha256:c1fbe7621c167ecaa38ad29643d77a9ce7311583761abf7836e1510c580bf3dd",
                "sha256:c7cf14a27b0d6adfaebb3ae4153f1e516df54e47e42dcc073d7b3d76111a8d86",
                "sha256:c9f72a021fbb792ce98306ffb0c348b3c9cb967dce0f12a49aa4c3d3fdefa967",
                "sha256:cd25d2a9d2b36fcb318882481367956d2cf91329f6892fe5d385c346c0649629",
                "sha256:ce543ed15570eedbb85df19b0a1a7314a9c8141a36ce089c0a894adbfccb4568",
                "sha256:ce7b031a6fc11365970e6a5686d7ba8c63e4c1cf1ea143811acbb524295eabed",
                "sha256:d35e3c8d9b1268cbf5d3670285feb3528f6680420eafe35cccc686b73c1e330f",
                "sha256:d50b6aec14bc737742ca96e85d6d0a5f9bfbded018264b3b70ff9d8c33485551",
                "sha256:d5d0dae4cfd56969d23d94dc8e89fb6a217be461c69090768227beb8ed28c0a3",
                "sha256:d5db32e2a6ccbb3d34d87c87b432959e0db29755727afb37290e10f6e8e62614",
                "sha256:d72e2ecc68a942e8cf9739619b7f408cc7b272b279b56b2c83c6123fcfa5cdff",
                "sha256:d737a602fbd82afd892ca746392401b634e278cb65d55c4b7a8f48e9ef8d008d",
                "sha256:d80cf684b541685fccdd84c485b31ce73fc5c9b5d7523bf1394ce134a60c6883",
                "sha256:db24668940f82321e746773a4bc617bfac06ec831e5c88b643f91f122a785684",
                "sha256:dbc02381779d412145331789b40cc7b11fdf449e5d94f6bc0b080db0a56ea3f0",
                "sha256:dffe31a7f47b603318c609f378ebcd57f1554a3a6a8effbc59c3c69f804296de",
                "sha256:edf4392b77bdc81f36e92d3a07a5cd072f90253197f4a52a55a8cec48a12483b",
                "sha256:efe8c0681042536e0d06c11f48cebe759707c9e9abf880ee213541c5b46c5bf3",
                "sha256:f31f9fdbfecb042d046f9d91270a0ba28368a723302786c0009ee9b9f1f60199",
                "sha256:f88a0b92277de8e3ca715a0d79d68dc82807457dae3ab8699c758f07c20b3c51",
                "sha256:faaf07ea35355b01a35cb442dd950d8f1bb5b040a7787791a535de13db15ed90"
            ],
            "index": "pypi",
            "markers": "python_version >= '3.8'",
            "version": "==10.0.0"
        },
        "prompt-toolkit": {
            "hashes": [
                "sha256:d6623ab0477a80df74e646bdbc93621143f5caf104206aa29294d53de1a03d90",
                "sha256:f49a827f90062e411f1ce1f854f2aedb3c23353244f8108b89283587397ac10e"
            ],
            "markers": "python_full_version >= '3.7.0'",
            "version": "==3.0.48"
        },
        "psycopg": {
            "hashes": [
                "sha256:ab400f207a8c120bafdd8077916d8f6c0106e809401378708485b016508c30c9",
                "sha256:fbbac339274d8733ee70ba9822297af3e8871790a26e967b5ea53e30a4b74dcc"
            ],
            "index": "pypi",
            "markers": "python_version >= '3.7'",
            "version": "==3.1.9"
        },
        "python-dateutil": {
            "hashes": [
                "sha256:37dd54208da7e1cd875388217d5e00ebd4179249f90fb72437e91a35459a0ad3",
                "sha256:a8b2bc7bffae282281c8140a97d3aa9c14da0b136dfe83f850eea9a5f7470427"
            ],
            "markers": "python_version >= '2.7' and python_version not in '3.0, 3.1, 3.2, 3.3'",
            "version": "==2.9.0.post0"
        },
        "pytz": {
            "hashes": [
                "sha256:2aa355083c50a0f93fa581709deac0c9ad65cca8a9e9beac660adcbd493c798a",
                "sha256:31c7c1817eb7fae7ca4b8c7ee50c72f93aa2dd863de768e1ef4245d426aa0725"
            ],
            "version": "==2024.2"
        },
        "redis": {
            "hashes": [
                "sha256:06570d0b2d84d46c21defc550afbaada381af82f5b83e5b3777600e05d8e2ed0",
                "sha256:5cea6c0d335c9a7332a460ed8729ceabb4d0c489c7285b0a86dbbf8a017bd120"
            ],
            "index": "pypi",
            "markers": "python_version >= '3.7'",
            "version": "==5.0.0"
        },
        "six": {
            "hashes": [
                "sha256:1e61c37477a1626458e36f7b1d82aa5c9b094fa4802892072e49de9c60c4c926",
                "sha256:8abb2f1d86890a2dfb989f9a77cfcfd3e47c2a354b01111771326f8aa26e0254"
            ],
            "markers": "python_version >= '2.7' and python_version not in '3.0, 3.1, 3.2, 3.3'",
            "version": "==1.16.0"
        },
        "sqlparse": {
            "hashes": [
                "sha256:773dcbf9a5ab44a090f3441e2180efe2560220203dc2f8c0b0fa141e18b505e4",
                "sha256:bb6b4df465655ef332548e24f08e205afc81b9ab86cb1c45657a7ff173a3a00e"
            ],
            "markers": "python_version >= '3.8'",
            "version": "==0.5.1"
        },
        "typing-extensions": {
            "hashes": [
                "sha256:04e5ca0351e0f3f85c6853954072df659d0d13fac324d0072316b67d7794700d",
                "sha256:1a7ead55c7e559dd4dee8856e3a88b41225abfe1ce8df57b7c13915fe121ffb8"
            ],
            "markers": "python_version >= '3.8'",
            "version": "==4.12.2"
        },
        "tzdata": {
            "hashes": [
                "sha256:7d85cc416e9382e69095b7bdf4afd9e3880418a2413feec7069d533d6b4e31cc",
                "sha256:a48093786cdcde33cad18c2555e8532f34422074448fbc874186f0abd79565cd"
            ],
            "markers": "python_version >= '2'",
            "version": "==2024.2"
        },
        "vine": {
            "hashes": [
                "sha256:40fdf3c48b2cfe1c38a49e9ae2da6fda88e4794c810050a728bd7413811fb1dc",
                "sha256:8b62e981d35c41049211cf62a0a1242d8c1ee9bd15bb196ce38aefd6799e61e0"
            ],
            "markers": "python_version >= '3.6'",
            "version": "==5.1.0"
        },
        "wcwidth": {
            "hashes": [
                "sha256:3da69048e4540d84af32131829ff948f1e022c1c6bdb8d6102117aac784f6859",
                "sha256:72ea0c06399eb286d978fdedb6923a9eb47e1c486ce63e9b4e64fc18303972b5"
            ],
            "version": "==0.2.13"
        }
    },
    "develop": {}
}
